
Microsoft Visual Studio Solution File, Format Version 12.00
# Visual Studio Version 17
VisualStudioVersion = 17.4.33213.308
MinimumVisualStudioVersion = 10.0.40219.1
Project("{9A19103F-16F7-4668-BE54-9A1E7A4F7556}") = "Takamol.web", "Takamol.web.csproj", "{A7D068A6-9C83-4C13-A3D8-E9BEE8E19555}"
EndProject
Project("{9A19103F-16F7-4668-BE54-9A1E7A4F7556}") = "Takamol.Infrastructure", "..\Takamol.Infrastructure\Takamol.Infrastructure.csproj", "{46889F56-CFA0-42EB-A0B7-27B2C653A190}"
EndProject
Project("{9A19103F-16F7-4668-BE54-9A1E7A4F7556}") = "Takamol.Domain", "..\Takamol.Domain\Takamol.Domain.csproj", "{DB6CEEAA-6E06-4E87-8577-4DDD29C484C7}"
EndProject
Project("{9A19103F-16F7-4668-BE54-9A1E7A4F7556}") = "Takamol.Applicaion", "..\Takamol.Applicaion\Takamol.Applicaion.csproj", "{BFFAFD57-E130-4EB9-BC10-ED62590D12CD}"
EndProject
Project("{FAE04EC0-301F-11D3-BF4B-00C04F79EFBC}") = "Takamol.Presistance", "..\Takamol.Presistance\Takamol.Presistance.csproj", "{356B783D-8481-4AF1-9764-0E0AC1A8A943}"
EndProject
Global
	GlobalSection(SolutionConfigurationPlatforms) = preSolution
		Debug|Any CPU = Debug|Any CPU
		Release|Any CPU = Release|Any CPU
	EndGlobalSection
	GlobalSection(ProjectConfigurationPlatforms) = postSolution
		{A7D068A6-9C83-4C13-A3D8-E9BEE8E19555}.Debug|Any CPU.ActiveCfg = Debug|Any CPU
		{A7D068A6-9C83-4C13-A3D8-E9BEE8E19555}.Debug|Any CPU.Build.0 = Debug|Any CPU
		{A7D068A6-9C83-4C13-A3D8-E9BEE8E19555}.Release|Any CPU.ActiveCfg = Release|Any CPU
		{A7D068A6-9C83-4C13-A3D8-E9BEE8E19555}.Release|Any CPU.Build.0 = Release|Any CPU
		{46889F56-CFA0-42EB-A0B7-27B2C653A190}.Debug|Any CPU.ActiveCfg = Debug|Any CPU
		{46889F56-CFA0-42EB-A0B7-27B2C653A190}.Debug|Any CPU.Build.0 = Debug|Any CPU
		{46889F56-CFA0-42EB-A0B7-27B2C653A190}.Release|Any CPU.ActiveCfg = Release|Any CPU
		{46889F56-CFA0-42EB-A0B7-27B2C653A190}.Release|Any CPU.Build.0 = Release|Any CPU
		{DB6CEEAA-6E06-4E87-8577-4DDD29C484C7}.Debug|Any CPU.ActiveCfg = Debug|Any CPU
		{DB6CEEAA-6E06-4E87-8577-4DDD29C484C7}.Debug|Any CPU.Build.0 = Debug|Any CPU
		{DB6CEEAA-6E06-4E87-8577-4DDD29C484C7}.Release|Any CPU.ActiveCfg = Release|Any CPU
		{DB6CEEAA-6E06-4E87-8577-4DDD29C484C7}.Release|Any CPU.Build.0 = Release|Any CPU
		{BFFAFD57-E130-4EB9-BC10-ED62590D12CD}.Debug|Any CPU.ActiveCfg = Debug|Any CPU
		{BFFAFD57-E130-4EB9-BC10-ED62590D12CD}.Debug|Any CPU.Build.0 = Debug|Any CPU
		{BFFAFD57-E130-4EB9-BC10-ED62590D12CD}.Release|Any CPU.ActiveCfg = Release|Any CPU
		{BFFAFD57-E130-4EB9-BC10-ED62590D12CD}.Release|Any CPU.Build.0 = Release|Any CPU
		{356B783D-8481-4AF1-9764-0E0AC1A8A943}.Debug|Any CPU.ActiveCfg = Debug|Any CPU
		{356B783D-8481-4AF1-9764-0E0AC1A8A943}.Debug|Any CPU.Build.0 = Debug|Any CPU
		{356B783D-8481-4AF1-9764-0E0AC1A8A943}.Release|Any CPU.ActiveCfg = Release|Any CPU
		{356B783D-8481-4AF1-9764-0E0AC1A8A943}.Release|Any CPU.Build.0 = Release|Any CPU
	EndGlobalSection
	GlobalSection(SolutionProperties) = preSolution
		HideSolutionNode = FALSE
	EndGlobalSection
	GlobalSection(ExtensibilityGlobals) = postSolution
		SolutionGuid = {1664B5E1-E9A7-4253-8BD6-6763B7FD5C00}
	EndGlobalSection
EndGlobal
